
Microsoft Visual Studio Solution File, Format Version 12.00
# Visual Studio 15
VisualStudioVersion = 15.0.26430.14
MinimumVisualStudioVersion = 10.0.40219.1
Project("{FAE04EC0-301F-11D3-BF4B-00C04F79EFBC}") = "Horn_War_II", "Horn_War_II.csproj", "{8712DA0A-DBCB-4A57-8C23-9F6FBC8F6FD1}"
EndProject
Project("{FAE04EC0-301F-11D3-BF4B-00C04F79EFBC}") = "Farseer Physics MonoGame", "Farseer Physics Engine 3.5\Farseer Physics MonoGame.csproj", "{0AAD36E3-51A5-4A07-AB60-5C8A66BD38B7}"
EndProject
Project("{FAE04EC0-301F-11D3-BF4B-00C04F79EFBC}") = "MonoGame.Penumbra.DesktopGL", "Penumbra\Source\MonoGame.Penumbra.DesktopGL.csproj", "{3F53D144-2287-485F-91ED-FDA8435396B9}"
EndProject
Global
	GlobalSection(SolutionConfigurationPlatforms) = preSolution
		Debug|Any CPU = Debug|Any CPU
		Debug|Mixed Platforms = Debug|Mixed Platforms
		Debug|x86 = Debug|x86
		Release|Any CPU = Release|Any CPU
		Release|Mixed Platforms = Release|Mixed Platforms
		Release|x86 = Release|x86
	EndGlobalSection
	GlobalSection(ProjectConfigurationPlatforms) = postSolution
		{8712DA0A-DBCB-4A57-8C23-9F6FBC8F6FD1}.Debug|Any CPU.ActiveCfg = Debug|x86
		{8712DA0A-DBCB-4A57-8C23-9F6FBC8F6FD1}.Debug|Any CPU.Build.0 = Debug|x86
		{8712DA0A-DBCB-4A57-8C23-9F6FBC8F6FD1}.Debug|Mixed Platforms.ActiveCfg = Debug|x86
		{8712DA0A-DBCB-4A57-8C23-9F6FBC8F6FD1}.Debug|Mixed Platforms.Build.0 = Debug|x86
		{8712DA0A-DBCB-4A57-8C23-9F6FBC8F6FD1}.Debug|x86.ActiveCfg = Debug|x86
		{8712DA0A-DBCB-4A57-8C23-9F6FBC8F6FD1}.Debug|x86.Build.0 = Debug|x86
		{8712DA0A-DBCB-4A57-8C23-9F6FBC8F6FD1}.Release|Any CPU.ActiveCfg = Release|x86
		{8712DA0A-DBCB-4A57-8C23-9F6FBC8F6FD1}.Release|Any CPU.Build.0 = Release|x86
		{8712DA0A-DBCB-4A57-8C23-9F6FBC8F6FD1}.Release|Mixed Platforms.ActiveCfg = Release|x86
		{8712DA0A-DBCB-4A57-8C23-9F6FBC8F6FD1}.Release|Mixed Platforms.Build.0 = Release|x86
		{8712DA0A-DBCB-4A57-8C23-9F6FBC8F6FD1}.Release|x86.ActiveCfg = Release|x86
		{8712DA0A-DBCB-4A57-8C23-9F6FBC8F6FD1}.Release|x86.Build.0 = Release|x86
		{0AAD36E3-51A5-4A07-AB60-5C8A66BD38B7}.Debug|Any CPU.ActiveCfg = Debug|x86
		{0AAD36E3-51A5-4A07-AB60-5C8A66BD38B7}.Debug|Any CPU.Build.0 = Debug|x86
		{0AAD36E3-51A5-4A07-AB60-5C8A66BD38B7}.Debug|Mixed Platforms.ActiveCfg = Debug|x86
		{0AAD36E3-51A5-4A07-AB60-5C8A66BD38B7}.Debug|Mixed Platforms.Build.0 = Debug|x86
		{0AAD36E3-51A5-4A07-AB60-5C8A66BD38B7}.Debug|x86.ActiveCfg = Debug|x86
		{0AAD36E3-51A5-4A07-AB60-5C8A66BD38B7}.Debug|x86.Build.0 = Debug|x86
		{0AAD36E3-51A5-4A07-AB60-5C8A66BD38B7}.Release|Any CPU.ActiveCfg = Release|x86
		{0AAD36E3-51A5-4A07-AB60-5C8A66BD38B7}.Release|Any CPU.Build.0 = Release|x86
		{0AAD36E3-51A5-4A07-AB60-5C8A66BD38B7}.Release|Mixed Platforms.ActiveCfg = Release|x86
		{0AAD36E3-51A5-4A07-AB60-5C8A66BD38B7}.Release|Mixed Platforms.Build.0 = Release|x86
		{0AAD36E3-51A5-4A07-AB60-5C8A66BD38B7}.Release|x86.ActiveCfg = Release|x86
		{0AAD36E3-51A5-4A07-AB60-5C8A66BD38B7}.Release|x86.Build.0 = Release|x86
		{3F53D144-2287-485F-91ED-FDA8435396B9}.Debug|Any CPU.ActiveCfg = Debug|Any CPU
		{3F53D144-2287-485F-91ED-FDA8435396B9}.Debug|Any CPU.Build.0 = Debug|Any CPU
		{3F53D144-2287-485F-91ED-FDA8435396B9}.Debug|Mixed Platforms.ActiveCfg = Debug|Any CPU
		{3F53D144-2287-485F-91ED-FDA8435396B9}.Debug|Mixed Platforms.Build.0 = Debug|Any CPU
		{3F53D144-2287-485F-91ED-FDA8435396B9}.Debug|x86.ActiveCfg = Debug|Any CPU
		{3F53D144-2287-485F-91ED-FDA8435396B9}.Debug|x86.Build.0 = Debug|Any CPU
		{3F53D144-2287-485F-91ED-FDA8435396B9}.Release|Any CPU.ActiveCfg = Release|Any CPU
		{3F53D144-2287-485F-91ED-FDA8435396B9}.Release|Any CPU.Build.0 = Release|Any CPU
		{3F53D144-2287-485F-91ED-FDA8435396B9}.Release|Mixed Platforms.ActiveCfg = Release|Any CPU
		{3F53D144-2287-485F-91ED-FDA8435396B9}.Release|Mixed Platforms.Build.0 = Release|Any CPU
		{3F53D144-2287-485F-91ED-FDA8435396B9}.Release|x86.ActiveCfg = Release|Any CPU
		{3F53D144-2287-485F-91ED-FDA8435396B9}.Release|x86.Build.0 = Release|Any CPU
	EndGlobalSection
	GlobalSection(SolutionProperties) = preSolution
		HideSolutionNode = FALSE
	EndGlobalSection
EndGlobal
